
Microsoft Visual Studio Solution File, Format Version 12.00
# Visual Studio Version 16
VisualStudioVersion = 16.0.29123.89
MinimumVisualStudioVersion = 10.0.40219.1
Project("{2150E333-8FDC-42A3-9474-1A3956D46DE8}") = "1 - UI", "1 - UI", "{5CFA257D-2667-411F-A346-AF4D570F18C1}"
EndProject
Project("{2150E333-8FDC-42A3-9474-1A3956D46DE8}") = "2 - Service", "2 - Service", "{45730AAE-B66C-4C33-9541-0DF6D1F01395}"
EndProject
Project("{2150E333-8FDC-42A3-9474-1A3956D46DE8}") = "4 - Domain", "4 - Domain", "{17377F66-FEA6-4101-8213-92D8A5D24D26}"
EndProject
Project("{2150E333-8FDC-42A3-9474-1A3956D46DE8}") = "3 - Application", "3 - Application", "{E5B95D99-D86E-4DC8-B490-B35F19AF9BC6}"
EndProject
Project("{2150E333-8FDC-42A3-9474-1A3956D46DE8}") = "5 - Infra", "5 - Infra", "{0038C5DD-EA5D-4DB8-9056-D6EFD9D78212}"
EndProject
Project("{2150E333-8FDC-42A3-9474-1A3956D46DE8}") = "6 - Tests", "6 - Tests", "{8CA6E0D9-4B6C-4AA1-BB3F-68D3480AD987}"
EndProject
Project("{2150E333-8FDC-42A3-9474-1A3956D46DE8}") = "5.1 - Data", "5.1 - Data", "{8B7BBDF2-3EC0-4003-97F4-5780F3C319DE}"
EndProject
Project("{2150E333-8FDC-42A3-9474-1A3956D46DE8}") = "5.2 - CrossCutting", "5.2 - CrossCutting", "{7F565E68-FA83-40CF-A8C4-949F72138ABE}"
EndProject
Project("{2150E333-8FDC-42A3-9474-1A3956D46DE8}") = "5.2 - IoC", "5.2 - IoC", "{72C606FE-DFED-41C8-B342-36B0320F1132}"
EndProject
Project("{FAE04EC0-301F-11D3-BF4B-00C04F79EFBC}") = "SGL.UI.Web", "src\SGL.UI.Web\SGL.UI.Web.csproj", "{6C3AE046-A6F3-4FDD-976D-DFD178B7C01C}"
EndProject
Project("{9A19103F-16F7-4668-BE54-9A1E7A4F7556}") = "SGL.Domain", "src\SGL.Domain\SGL.Domain.csproj", "{835F27FA-D12E-4552-BB6F-E06E84E8B882}"
EndProject
Project("{9A19103F-16F7-4668-BE54-9A1E7A4F7556}") = "SGL.Application", "src\SGL.Application\SGL.Application.csproj", "{23E5C384-FFB5-4560-9A56-B5E4F9266D82}"
EndProject
Project("{9A19103F-16F7-4668-BE54-9A1E7A4F7556}") = "SGL.Infra.CrossCutting", "src\SGL.Infra.CrossCutting\SGL.Infra.CrossCutting.csproj", "{04369E20-453D-4192-9D4F-A6F1717D473D}"
EndProject
Project("{9A19103F-16F7-4668-BE54-9A1E7A4F7556}") = "SGL.Infra.IoC", "src\SGL.Infra.IoC\SGL.Infra.IoC.csproj", "{8FF74EF5-6304-45C1-8771-BFC8D9044081}"
EndProject
Project("{FAE04EC0-301F-11D3-BF4B-00C04F79EFBC}") = "SGL.Infra.Data", "src\SGL.Infra.Data2\SGL.Infra.Data.csproj", "{F3B110D3-3DAE-44F5-A1C7-494CE5BC9A2B}"
EndProject
Project("{FAE04EC0-301F-11D3-BF4B-00C04F79EFBC}") = "UnitTests", "src\UnitTests\UnitTests.csproj", "{47D351E9-9F5A-405E-B166-A1FD17D66B5F}"
EndProject
Global
	GlobalSection(SolutionConfigurationPlatforms) = preSolution
		Debug|Any CPU = Debug|Any CPU
		Release|Any CPU = Release|Any CPU
	EndGlobalSection
	GlobalSection(ProjectConfigurationPlatforms) = postSolution
		{6C3AE046-A6F3-4FDD-976D-DFD178B7C01C}.Debug|Any CPU.ActiveCfg = Debug|Any CPU
		{6C3AE046-A6F3-4FDD-976D-DFD178B7C01C}.Debug|Any CPU.Build.0 = Debug|Any CPU
		{6C3AE046-A6F3-4FDD-976D-DFD178B7C01C}.Release|Any CPU.ActiveCfg = Release|Any CPU
		{6C3AE046-A6F3-4FDD-976D-DFD178B7C01C}.Release|Any CPU.Build.0 = Release|Any CPU
		{835F27FA-D12E-4552-BB6F-E06E84E8B882}.Debug|Any CPU.ActiveCfg = Debug|Any CPU
		{835F27FA-D12E-4552-BB6F-E06E84E8B882}.Debug|Any CPU.Build.0 = Debug|Any CPU
		{835F27FA-D12E-4552-BB6F-E06E84E8B882}.Release|Any CPU.ActiveCfg = Release|Any CPU
		{835F27FA-D12E-4552-BB6F-E06E84E8B882}.Release|Any CPU.Build.0 = Release|Any CPU
		{23E5C384-FFB5-4560-9A56-B5E4F9266D82}.Debug|Any CPU.ActiveCfg = Debug|Any CPU
		{23E5C384-FFB5-4560-9A56-B5E4F9266D82}.Debug|Any CPU.Build.0 = Debug|Any CPU
		{23E5C384-FFB5-4560-9A56-B5E4F9266D82}.Release|Any CPU.ActiveCfg = Release|Any CPU
		{23E5C384-FFB5-4560-9A56-B5E4F9266D82}.Release|Any CPU.Build.0 = Release|Any CPU
		{04369E20-453D-4192-9D4F-A6F1717D473D}.Debug|Any CPU.ActiveCfg = Debug|Any CPU
		{04369E20-453D-4192-9D4F-A6F1717D473D}.Debug|Any CPU.Build.0 = Debug|Any CPU
		{04369E20-453D-4192-9D4F-A6F1717D473D}.Release|Any CPU.ActiveCfg = Release|Any CPU
		{04369E20-453D-4192-9D4F-A6F1717D473D}.Release|Any CPU.Build.0 = Release|Any CPU
		{8FF74EF5-6304-45C1-8771-BFC8D9044081}.Debug|Any CPU.ActiveCfg = Debug|Any CPU
		{8FF74EF5-6304-45C1-8771-BFC8D9044081}.Debug|Any CPU.Build.0 = Debug|Any CPU
		{8FF74EF5-6304-45C1-8771-BFC8D9044081}.Release|Any CPU.ActiveCfg = Release|Any CPU
		{8FF74EF5-6304-45C1-8771-BFC8D9044081}.Release|Any CPU.Build.0 = Release|Any CPU
		{F3B110D3-3DAE-44F5-A1C7-494CE5BC9A2B}.Debug|Any CPU.ActiveCfg = Debug|Any CPU
		{F3B110D3-3DAE-44F5-A1C7-494CE5BC9A2B}.Debug|Any CPU.Build.0 = Debug|Any CPU
		{F3B110D3-3DAE-44F5-A1C7-494CE5BC9A2B}.Release|Any CPU.ActiveCfg = Release|Any CPU
		{F3B110D3-3DAE-44F5-A1C7-494CE5BC9A2B}.Release|Any CPU.Build.0 = Release|Any CPU
		{47D351E9-9F5A-405E-B166-A1FD17D66B5F}.Debug|Any CPU.ActiveCfg = Debug|Any CPU
		{47D351E9-9F5A-405E-B166-A1FD17D66B5F}.Debug|Any CPU.Build.0 = Debug|Any CPU
		{47D351E9-9F5A-405E-B166-A1FD17D66B5F}.Release|Any CPU.ActiveCfg = Release|Any CPU
		{47D351E9-9F5A-405E-B166-A1FD17D66B5F}.Release|Any CPU.Build.0 = Release|Any CPU
	EndGlobalSection
	GlobalSection(SolutionProperties) = preSolution
		HideSolutionNode = FALSE
	EndGlobalSection
	GlobalSection(NestedProjects) = preSolution
		{8B7BBDF2-3EC0-4003-97F4-5780F3C319DE} = {0038C5DD-EA5D-4DB8-9056-D6EFD9D78212}
		{7F565E68-FA83-40CF-A8C4-949F72138ABE} = {0038C5DD-EA5D-4DB8-9056-D6EFD9D78212}
		{72C606FE-DFED-41C8-B342-36B0320F1132} = {0038C5DD-EA5D-4DB8-9056-D6EFD9D78212}
		{6C3AE046-A6F3-4FDD-976D-DFD178B7C01C} = {5CFA257D-2667-411F-A346-AF4D570F18C1}
		{835F27FA-D12E-4552-BB6F-E06E84E8B882} = {17377F66-FEA6-4101-8213-92D8A5D24D26}
		{23E5C384-FFB5-4560-9A56-B5E4F9266D82} = {E5B95D99-D86E-4DC8-B490-B35F19AF9BC6}
		{04369E20-453D-4192-9D4F-A6F1717D473D} = {7F565E68-FA83-40CF-A8C4-949F72138ABE}
		{8FF74EF5-6304-45C1-8771-BFC8D9044081} = {72C606FE-DFED-41C8-B342-36B0320F1132}
		{F3B110D3-3DAE-44F5-A1C7-494CE5BC9A2B} = {8B7BBDF2-3EC0-4003-97F4-5780F3C319DE}
		{47D351E9-9F5A-405E-B166-A1FD17D66B5F} = {8CA6E0D9-4B6C-4AA1-BB3F-68D3480AD987}
	EndGlobalSection
	GlobalSection(ExtensibilityGlobals) = postSolution
		SolutionGuid = {6C8B6B61-DA4D-4A2A-91C0-D2757FE3AD3B}
	EndGlobalSection
EndGlobal
